
Microsoft Visual Studio Solution File, Format Version 12.00
# Visual Studio Version 17
VisualStudioVersion = 17.13.35931.197
MinimumVisualStudioVersion = 10.0.40219.1
Project("{FAE04EC0-301F-11D3-BF4B-00C04F79EFBC}") = "hiq-test-backend", "hiq-test-backend\hiq-test-backend.csproj", "{9E9F4C9E-39F6-4246-BFBB-5F2A2445E96C}"
EndProject
Project("{FAE04EC0-301F-11D3-BF4B-00C04F79EFBC}") = "TextProcessor.Tests", "TextProcessor.Tests\TextProcessor.Tests.csproj", "{F546910D-0C6B-4980-92AF-DBA238E50F19}"
EndProject
Global
	GlobalSection(SolutionConfigurationPlatforms) = preSolution
		Debug|Any CPU = Debug|Any CPU
		Release|Any CPU = Release|Any CPU
	EndGlobalSection
	GlobalSection(ProjectConfigurationPlatforms) = postSolution
		{9E9F4C9E-39F6-4246-BFBB-5F2A2445E96C}.Debug|Any CPU.ActiveCfg = Debug|Any CPU
		{9E9F4C9E-39F6-4246-BFBB-5F2A2445E96C}.Debug|Any CPU.Build.0 = Debug|Any CPU
		{9E9F4C9E-39F6-4246-BFBB-5F2A2445E96C}.Release|Any CPU.ActiveCfg = Release|Any CPU
		{9E9F4C9E-39F6-4246-BFBB-5F2A2445E96C}.Release|Any CPU.Build.0 = Release|Any CPU
		{F546910D-0C6B-4980-92AF-DBA238E50F19}.Debug|Any CPU.ActiveCfg = Debug|Any CPU
		{F546910D-0C6B-4980-92AF-DBA238E50F19}.Debug|Any CPU.Build.0 = Debug|Any CPU
		{F546910D-0C6B-4980-92AF-DBA238E50F19}.Release|Any CPU.ActiveCfg = Release|Any CPU
		{F546910D-0C6B-4980-92AF-DBA238E50F19}.Release|Any CPU.Build.0 = Release|Any CPU
	EndGlobalSection
	GlobalSection(SolutionProperties) = preSolution
		HideSolutionNode = FALSE
	EndGlobalSection
	GlobalSection(ExtensibilityGlobals) = postSolution
		SolutionGuid = {859556BE-6F55-46AC-BD63-E1FE928518DF}
	EndGlobalSection
EndGlobal
